
Microsoft Visual Studio Solution File, Format Version 10.00
# Visual Studio 2008
Project("{FAE04EC0-301F-11D3-BF4B-00C04F79EFBC}") = "Commons", "Common\Commons\Commons\Commons.csproj", "{7CF83010-9C8F-482B-B0C0-CA10DA669345}"
EndProject
Project("{FAE04EC0-301F-11D3-BF4B-00C04F79EFBC}") = "Condition", "Common\Condition\Condition\Condition.csproj", "{44F553AA-7F15-4878-9F78-74D47392952D}"
EndProject
Project("{FAE04EC0-301F-11D3-BF4B-00C04F79EFBC}") = "SMS.A01", "Client\SMS.A01\SMS.A01\SMS.A01.csproj", "{996CD031-C325-455E-B75B-E35C9421CB7D}"
EndProject
Project("{FAE04EC0-301F-11D3-BF4B-00C04F79EFBC}") = "SMS.E01", "Client\SMS.E01\SMS.E01\SMS.E01.csproj", "{E1D56A03-5204-4548-9C84-C40C8FA95F6A}"
	ProjectSection(ProjectDependencies) = postProject
		{C0F2E4D2-1E6A-4858-B8BC-B49008A72675} = {C0F2E4D2-1E6A-4858-B8BC-B49008A72675}
	EndProjectSection
EndProject
Project("{FAE04EC0-301F-11D3-BF4B-00C04F79EFBC}") = "SMS.K01", "Client\SMS.K01\SMS.K01\SMS.K01.csproj", "{4A267BE7-A471-4396-8FA1-E9FB016DEEB6}"
EndProject
Project("{FAE04EC0-301F-11D3-BF4B-00C04F79EFBC}") = "SMS.K02", "Client\SMS.K02\SMS.K02\SMS.K02.csproj", "{A4BF6276-DB50-4D56-8720-B1A9739E3922}"
EndProject
Project("{FAE04EC0-301F-11D3-BF4B-00C04F79EFBC}") = "SMS.K03", "Client\SMS.K03\SMS.K03\SMS.K03.csproj", "{D98834E7-20A9-4C1B-A8EA-25909C2B925D}"
EndProject
Project("{FAE04EC0-301F-11D3-BF4B-00C04F79EFBC}") = "SMS.K04", "Client\SMS.K04\SMS.K04\SMS.K04.csproj", "{F9361D5C-F484-4A56-AB03-99E085613A50}"
EndProject
Project("{FAE04EC0-301F-11D3-BF4B-00C04F79EFBC}") = "SMS.M01", "Client\SMS.M01\SMS.M01\SMS.M01.csproj", "{B73528DB-BA93-4442-A0DB-CE99D72289FC}"
EndProject
Project("{FAE04EC0-301F-11D3-BF4B-00C04F79EFBC}") = "SMS.M02", "Client\SMS.M02\SMS.M02\SMS.M02.csproj", "{B5514EA9-8878-4B75-A7A2-610493A19329}"
EndProject
Project("{FAE04EC0-301F-11D3-BF4B-00C04F79EFBC}") = "SMS.P02", "Client\SMS.P02\SMS.P02\SMS.P02.csproj", "{C0F2E4D2-1E6A-4858-B8BC-B49008A72675}"
EndProject
Project("{FAE04EC0-301F-11D3-BF4B-00C04F79EFBC}") = "SMS.R01", "Client\SMS.R01\SMS.R01\SMS.R01.csproj", "{37719D9E-D696-4B95-8341-E8293BAACD46}"
EndProject
Project("{FAE04EC0-301F-11D3-BF4B-00C04F79EFBC}") = "SMS.S01", "Client\SMS.S01\SMS.S01\SMS.S01.csproj", "{0D20C91E-35AD-4D84-BC8D-25BF3D3C1448}"
EndProject
Project("{FAE04EC0-301F-11D3-BF4B-00C04F79EFBC}") = "SMS.S02", "Client\SMS.S02\SMS.S02\SMS.S02.csproj", "{D47FCA15-DE43-4A7D-B498-35835F0862B8}"
EndProject
Project("{FAE04EC0-301F-11D3-BF4B-00C04F79EFBC}") = "SMS.T01", "Client\SMS.T01\SMS.T01\SMS.T01.csproj", "{AA251491-B65A-4DC6-9262-4FAEB403DAD6}"
	ProjectSection(ProjectDependencies) = postProject
		{E1D56A03-5204-4548-9C84-C40C8FA95F6A} = {E1D56A03-5204-4548-9C84-C40C8FA95F6A}
		{7CF83010-9C8F-482B-B0C0-CA10DA669345} = {7CF83010-9C8F-482B-B0C0-CA10DA669345}
		{17F0EEB1-3A50-423F-8934-AAC2E8EF2542} = {17F0EEB1-3A50-423F-8934-AAC2E8EF2542}
		{95E0D7DC-64D3-4CA5-A944-0795F2284AB2} = {95E0D7DC-64D3-4CA5-A944-0795F2284AB2}
	EndProjectSection
EndProject
Project("{FAE04EC0-301F-11D3-BF4B-00C04F79EFBC}") = "SMS.U01", "Client\SMS.U01\SMS.U01\SMS.U01.csproj", "{58E6D529-0F6D-43ED-A698-3F6D26E7E043}"
EndProject
Project("{FAE04EC0-301F-11D3-BF4B-00C04F79EFBC}") = "SystemBase", "Client\SystemBase\SystemBase\SystemBase.csproj", "{17F0EEB1-3A50-423F-8934-AAC2E8EF2542}"
EndProject
Project("{FAE04EC0-301F-11D3-BF4B-00C04F79EFBC}") = "ActiveReportsHelper", "Client\ActiveReportsHelper\ActiveReportsHelper\ActiveReportsHelper.csproj", "{E9864F2A-F78B-4737-AB48-55AB4BD06110}"
EndProject
Project("{FAE04EC0-301F-11D3-BF4B-00C04F79EFBC}") = "SMS", "Client\SMS\SMS\SMS.csproj", "{0A92C628-D5AE-4A38-941F-AFF0AF846FAC}"
	ProjectSection(ProjectDependencies) = postProject
		{E1D56A03-5204-4548-9C84-C40C8FA95F6A} = {E1D56A03-5204-4548-9C84-C40C8FA95F6A}
		{7CF83010-9C8F-482B-B0C0-CA10DA669345} = {7CF83010-9C8F-482B-B0C0-CA10DA669345}
		{D47FCA15-DE43-4A7D-B498-35835F0862B8} = {D47FCA15-DE43-4A7D-B498-35835F0862B8}
		{0D20C91E-35AD-4D84-BC8D-25BF3D3C1448} = {0D20C91E-35AD-4D84-BC8D-25BF3D3C1448}
		{58E6D529-0F6D-43ED-A698-3F6D26E7E043} = {58E6D529-0F6D-43ED-A698-3F6D26E7E043}
		{996CD031-C325-455E-B75B-E35C9421CB7D} = {996CD031-C325-455E-B75B-E35C9421CB7D}
		{F9361D5C-F484-4A56-AB03-99E085613A50} = {F9361D5C-F484-4A56-AB03-99E085613A50}
		{A4BF6276-DB50-4D56-8720-B1A9739E3922} = {A4BF6276-DB50-4D56-8720-B1A9739E3922}
		{AA251491-B65A-4DC6-9262-4FAEB403DAD6} = {AA251491-B65A-4DC6-9262-4FAEB403DAD6}
		{B5514EA9-8878-4B75-A7A2-610493A19329} = {B5514EA9-8878-4B75-A7A2-610493A19329}
		{44F553AA-7F15-4878-9F78-74D47392952D} = {44F553AA-7F15-4878-9F78-74D47392952D}
		{17F0EEB1-3A50-423F-8934-AAC2E8EF2542} = {17F0EEB1-3A50-423F-8934-AAC2E8EF2542}
		{C0F2E4D2-1E6A-4858-B8BC-B49008A72675} = {C0F2E4D2-1E6A-4858-B8BC-B49008A72675}
		{B73528DB-BA93-4442-A0DB-CE99D72289FC} = {B73528DB-BA93-4442-A0DB-CE99D72289FC}
		{95E0D7DC-64D3-4CA5-A944-0795F2284AB2} = {95E0D7DC-64D3-4CA5-A944-0795F2284AB2}
		{D98834E7-20A9-4C1B-A8EA-25909C2B925D} = {D98834E7-20A9-4C1B-A8EA-25909C2B925D}
		{4A267BE7-A471-4396-8FA1-E9FB016DEEB6} = {4A267BE7-A471-4396-8FA1-E9FB016DEEB6}
	EndProjectSection
EndProject
Project("{FAE04EC0-301F-11D3-BF4B-00C04F79EFBC}") = "WsConnection", "Common\WsConnection\WsConnection\WsConnection.csproj", "{95E0D7DC-64D3-4CA5-A944-0795F2284AB2}"
EndProject
Project("{FAE04EC0-301F-11D3-BF4B-00C04F79EFBC}") = "SMS.I01", "Client\SMS.I01\SMS.I01\SMS.I01.csproj", "{35F18489-8803-4385-98BE-D0534AF4F2FA}"
EndProject
Project("{FAE04EC0-301F-11D3-BF4B-00C04F79EFBC}") = "SMS.I02", "Client\SMS.I02\SMS.I02\SMS.I02.csproj", "{6D1871AA-66DE-4CB3-BFA8-B5AAEE0EA4A3}"
EndProject
Project("{E24C65DC-7377-472B-9ABA-BC803B73C61A}") = "sms", "http://localhost/sms", "{CD54D84F-2FE5-4BE1-AB98-7406E7AF6DC3}"
	ProjectSection(WebsiteProperties) = preProject
		SccProjectName = ""
		SccAuxPath = ""
		SccLocalPath = ""
		SccProvider = ""
		Frontpage = "false"
		TargetFramework = "3.5"
		ProjectReferences = "{7CF83010-9C8F-482B-B0C0-CA10DA669345}|Commons.dll;{44F553AA-7F15-4878-9F78-74D47392952D}|Condition.dll;"
		Debug.AspNetCompiler.VirtualPath = "/sms"
		Debug.AspNetCompiler.PhysicalPath = "WebService\sms\"
		Debug.AspNetCompiler.TargetPath = "PrecompiledWeb\sms\"
		Debug.AspNetCompiler.Updateable = "true"
		Debug.AspNetCompiler.ForceOverwrite = "true"
		Debug.AspNetCompiler.FixedNames = "false"
		Debug.AspNetCompiler.Debug = "True"
		Release.AspNetCompiler.VirtualPath = "/sms"
		Release.AspNetCompiler.PhysicalPath = "WebService\sms\"
		Release.AspNetCompiler.TargetPath = "PrecompiledWeb\sms\"
		Release.AspNetCompiler.Updateable = "true"
		Release.AspNetCompiler.ForceOverwrite = "true"
		Release.AspNetCompiler.FixedNames = "false"
		Release.AspNetCompiler.Debug = "False"
		SlnRelativePath = "WebService\sms\"
	EndProjectSection
EndProject
Project("{FAE04EC0-301F-11D3-BF4B-00C04F79EFBC}") = "SMS_AWS", "Client\SMS_AWS\SMS\SMS_AWS.csproj", "{EDA75649-AE2F-41D1-B0FA-9E3B197DD6E3}"
EndProject
Project("{FAE04EC0-301F-11D3-BF4B-00C04F79EFBC}") = "SMSResident", "Client\SMSResident\SMSResident\SMSResident.csproj", "{1862F246-423D-4829-B854-730596E19684}"
EndProject
Global
	GlobalSection(SolutionConfigurationPlatforms) = preSolution
		Debug|Any CPU = Debug|Any CPU
		Debug|x86 = Debug|x86
		Release|Any CPU = Release|Any CPU
		Release|x86 = Release|x86
	EndGlobalSection
	GlobalSection(ProjectConfigurationPlatforms) = postSolution
		{7CF83010-9C8F-482B-B0C0-CA10DA669345}.Debug|Any CPU.ActiveCfg = Debug|Any CPU
		{7CF83010-9C8F-482B-B0C0-CA10DA669345}.Debug|Any CPU.Build.0 = Debug|Any CPU
		{7CF83010-9C8F-482B-B0C0-CA10DA669345}.Debug|x86.ActiveCfg = Debug|Any CPU
		{7CF83010-9C8F-482B-B0C0-CA10DA669345}.Release|Any CPU.ActiveCfg = Release|Any CPU
		{7CF83010-9C8F-482B-B0C0-CA10DA669345}.Release|Any CPU.Build.0 = Release|Any CPU
		{7CF83010-9C8F-482B-B0C0-CA10DA669345}.Release|x86.ActiveCfg = Release|Any CPU
		{44F553AA-7F15-4878-9F78-74D47392952D}.Debug|Any CPU.ActiveCfg = Debug|Any CPU
		{44F553AA-7F15-4878-9F78-74D47392952D}.Debug|Any CPU.Build.0 = Debug|Any CPU
		{44F553AA-7F15-4878-9F78-74D47392952D}.Debug|x86.ActiveCfg = Debug|Any CPU
		{44F553AA-7F15-4878-9F78-74D47392952D}.Release|Any CPU.ActiveCfg = Release|Any CPU
		{44F553AA-7F15-4878-9F78-74D47392952D}.Release|Any CPU.Build.0 = Release|Any CPU
		{44F553AA-7F15-4878-9F78-74D47392952D}.Release|x86.ActiveCfg = Release|Any CPU
		{996CD031-C325-455E-B75B-E35C9421CB7D}.Debug|Any CPU.ActiveCfg = Debug|Any CPU
		{996CD031-C325-455E-B75B-E35C9421CB7D}.Debug|Any CPU.Build.0 = Debug|Any CPU
		{996CD031-C325-455E-B75B-E35C9421CB7D}.Debug|x86.ActiveCfg = Debug|Any CPU
		{996CD031-C325-455E-B75B-E35C9421CB7D}.Release|Any CPU.ActiveCfg = Release|Any CPU
		{996CD031-C325-455E-B75B-E35C9421CB7D}.Release|Any CPU.Build.0 = Release|Any CPU
		{996CD031-C325-455E-B75B-E35C9421CB7D}.Release|x86.ActiveCfg = Release|Any CPU
		{E1D56A03-5204-4548-9C84-C40C8FA95F6A}.Debug|Any CPU.ActiveCfg = Debug|Any CPU
		{E1D56A03-5204-4548-9C84-C40C8FA95F6A}.Debug|Any CPU.Build.0 = Debug|Any CPU
		{E1D56A03-5204-4548-9C84-C40C8FA95F6A}.Debug|x86.ActiveCfg = Debug|Any CPU
		{E1D56A03-5204-4548-9C84-C40C8FA95F6A}.Release|Any CPU.ActiveCfg = Release|Any CPU
		{E1D56A03-5204-4548-9C84-C40C8FA95F6A}.Release|Any CPU.Build.0 = Release|Any CPU
		{E1D56A03-5204-4548-9C84-C40C8FA95F6A}.Release|x86.ActiveCfg = Release|Any CPU
		{4A267BE7-A471-4396-8FA1-E9FB016DEEB6}.Debug|Any CPU.ActiveCfg = Debug|Any CPU
		{4A267BE7-A471-4396-8FA1-E9FB016DEEB6}.Debug|Any CPU.Build.0 = Debug|Any CPU
		{4A267BE7-A471-4396-8FA1-E9FB016DEEB6}.Debug|x86.ActiveCfg = Debug|Any CPU
		{4A267BE7-A471-4396-8FA1-E9FB016DEEB6}.Release|Any CPU.ActiveCfg = Release|Any CPU
		{4A267BE7-A471-4396-8FA1-E9FB016DEEB6}.Release|Any CPU.Build.0 = Release|Any CPU
		{4A267BE7-A471-4396-8FA1-E9FB016DEEB6}.Release|x86.ActiveCfg = Release|Any CPU
		{A4BF6276-DB50-4D56-8720-B1A9739E3922}.Debug|Any CPU.ActiveCfg = Debug|Any CPU
		{A4BF6276-DB50-4D56-8720-B1A9739E3922}.Debug|Any CPU.Build.0 = Debug|Any CPU
		{A4BF6276-DB50-4D56-8720-B1A9739E3922}.Debug|x86.ActiveCfg = Debug|Any CPU
		{A4BF6276-DB50-4D56-8720-B1A9739E3922}.Release|Any CPU.ActiveCfg = Release|Any CPU
		{A4BF6276-DB50-4D56-8720-B1A9739E3922}.Release|Any CPU.Build.0 = Release|Any CPU
		{A4BF6276-DB50-4D56-8720-B1A9739E3922}.Release|x86.ActiveCfg = Release|Any CPU
		{D98834E7-20A9-4C1B-A8EA-25909C2B925D}.Debug|Any CPU.ActiveCfg = Debug|Any CPU
		{D98834E7-20A9-4C1B-A8EA-25909C2B925D}.Debug|Any CPU.Build.0 = Debug|Any CPU
		{D98834E7-20A9-4C1B-A8EA-25909C2B925D}.Debug|x86.ActiveCfg = Debug|Any CPU
		{D98834E7-20A9-4C1B-A8EA-25909C2B925D}.Release|Any CPU.ActiveCfg = Release|Any CPU
		{D98834E7-20A9-4C1B-A8EA-25909C2B925D}.Release|Any CPU.Build.0 = Release|Any CPU
		{D98834E7-20A9-4C1B-A8EA-25909C2B925D}.Release|x86.ActiveCfg = Release|Any CPU
		{F9361D5C-F484-4A56-AB03-99E085613A50}.Debug|Any CPU.ActiveCfg = Debug|Any CPU
		{F9361D5C-F484-4A56-AB03-99E085613A50}.Debug|Any CPU.Build.0 = Debug|Any CPU
		{F9361D5C-F484-4A56-AB03-99E085613A50}.Debug|x86.ActiveCfg = Debug|Any CPU
		{F9361D5C-F484-4A56-AB03-99E085613A50}.Release|Any CPU.ActiveCfg = Release|Any CPU
		{F9361D5C-F484-4A56-AB03-99E085613A50}.Release|Any CPU.Build.0 = Release|Any CPU
		{F9361D5C-F484-4A56-AB03-99E085613A50}.Release|x86.ActiveCfg = Release|Any CPU
		{B73528DB-BA93-4442-A0DB-CE99D72289FC}.Debug|Any CPU.ActiveCfg = Debug|Any CPU
		{B73528DB-BA93-4442-A0DB-CE99D72289FC}.Debug|Any CPU.Build.0 = Debug|Any CPU
		{B73528DB-BA93-4442-A0DB-CE99D72289FC}.Debug|x86.ActiveCfg = Debug|Any CPU
		{B73528DB-BA93-4442-A0DB-CE99D72289FC}.Release|Any CPU.ActiveCfg = Release|Any CPU
		{B73528DB-BA93-4442-A0DB-CE99D72289FC}.Release|Any CPU.Build.0 = Release|Any CPU
		{B73528DB-BA93-4442-A0DB-CE99D72289FC}.Release|x86.ActiveCfg = Release|Any CPU
		{B5514EA9-8878-4B75-A7A2-610493A19329}.Debug|Any CPU.ActiveCfg = Debug|Any CPU
		{B5514EA9-8878-4B75-A7A2-610493A19329}.Debug|Any CPU.Build.0 = Debug|Any CPU
		{B5514EA9-8878-4B75-A7A2-610493A19329}.Debug|x86.ActiveCfg = Debug|Any CPU
		{B5514EA9-8878-4B75-A7A2-610493A19329}.Release|Any CPU.ActiveCfg = Release|Any CPU
		{B5514EA9-8878-4B75-A7A2-610493A19329}.Release|Any CPU.Build.0 = Release|Any CPU
		{B5514EA9-8878-4B75-A7A2-610493A19329}.Release|x86.ActiveCfg = Release|Any CPU
		{C0F2E4D2-1E6A-4858-B8BC-B49008A72675}.Debug|Any CPU.ActiveCfg = Debug|Any CPU
		{C0F2E4D2-1E6A-4858-B8BC-B49008A72675}.Debug|Any CPU.Build.0 = Debug|Any CPU
		{C0F2E4D2-1E6A-4858-B8BC-B49008A72675}.Debug|x86.ActiveCfg = Debug|Any CPU
		{C0F2E4D2-1E6A-4858-B8BC-B49008A72675}.Release|Any CPU.ActiveCfg = Release|Any CPU
		{C0F2E4D2-1E6A-4858-B8BC-B49008A72675}.Release|Any CPU.Build.0 = Release|Any CPU
		{C0F2E4D2-1E6A-4858-B8BC-B49008A72675}.Release|x86.ActiveCfg = Release|Any CPU
		{37719D9E-D696-4B95-8341-E8293BAACD46}.Debug|Any CPU.ActiveCfg = Debug|Any CPU
		{37719D9E-D696-4B95-8341-E8293BAACD46}.Debug|Any CPU.Build.0 = Debug|Any CPU
		{37719D9E-D696-4B95-8341-E8293BAACD46}.Debug|x86.ActiveCfg = Debug|Any CPU
		{37719D9E-D696-4B95-8341-E8293BAACD46}.Release|Any CPU.ActiveCfg = Release|Any CPU
		{37719D9E-D696-4B95-8341-E8293BAACD46}.Release|Any CPU.Build.0 = Release|Any CPU
		{37719D9E-D696-4B95-8341-E8293BAACD46}.Release|x86.ActiveCfg = Release|Any CPU
		{0D20C91E-35AD-4D84-BC8D-25BF3D3C1448}.Debug|Any CPU.ActiveCfg = Debug|Any CPU
		{0D20C91E-35AD-4D84-BC8D-25BF3D3C1448}.Debug|Any CPU.Build.0 = Debug|Any CPU
		{0D20C91E-35AD-4D84-BC8D-25BF3D3C1448}.Debug|x86.ActiveCfg = Debug|Any CPU
		{0D20C91E-35AD-4D84-BC8D-25BF3D3C1448}.Release|Any CPU.ActiveCfg = Release|Any CPU
		{0D20C91E-35AD-4D84-BC8D-25BF3D3C1448}.Release|Any CPU.Build.0 = Release|Any CPU
		{0D20C91E-35AD-4D84-BC8D-25BF3D3C1448}.Release|x86.ActiveCfg = Release|Any CPU
		{D47FCA15-DE43-4A7D-B498-35835F0862B8}.Debug|Any CPU.ActiveCfg = Debug|Any CPU
		{D47FCA15-DE43-4A7D-B498-35835F0862B8}.Debug|Any CPU.Build.0 = Debug|Any CPU
		{D47FCA15-DE43-4A7D-B498-35835F0862B8}.Debug|x86.ActiveCfg = Debug|Any CPU
		{D47FCA15-DE43-4A7D-B498-35835F0862B8}.Release|Any CPU.ActiveCfg = Release|Any CPU
		{D47FCA15-DE43-4A7D-B498-35835F0862B8}.Release|Any CPU.Build.0 = Release|Any CPU
		{D47FCA15-DE43-4A7D-B498-35835F0862B8}.Release|x86.ActiveCfg = Release|Any CPU
		{AA251491-B65A-4DC6-9262-4FAEB403DAD6}.Debug|Any CPU.ActiveCfg = Debug|Any CPU
		{AA251491-B65A-4DC6-9262-4FAEB403DAD6}.Debug|Any CPU.Build.0 = Debug|Any CPU
		{AA251491-B65A-4DC6-9262-4FAEB403DAD6}.Debug|x86.ActiveCfg = Debug|Any CPU
		{AA251491-B65A-4DC6-9262-4FAEB403DAD6}.Release|Any CPU.ActiveCfg = Release|Any CPU
		{AA251491-B65A-4DC6-9262-4FAEB403DAD6}.Release|Any CPU.Build.0 = Release|Any CPU
		{AA251491-B65A-4DC6-9262-4FAEB403DAD6}.Release|x86.ActiveCfg = Release|Any CPU
		{58E6D529-0F6D-43ED-A698-3F6D26E7E043}.Debug|Any CPU.ActiveCfg = Debug|Any CPU
		{58E6D529-0F6D-43ED-A698-3F6D26E7E043}.Debug|Any CPU.Build.0 = Debug|Any CPU
		{58E6D529-0F6D-43ED-A698-3F6D26E7E043}.Debug|x86.ActiveCfg = Debug|Any CPU
		{58E6D529-0F6D-43ED-A698-3F6D26E7E043}.Release|Any CPU.ActiveCfg = Release|Any CPU
		{58E6D529-0F6D-43ED-A698-3F6D26E7E043}.Release|Any CPU.Build.0 = Release|Any CPU
		{58E6D529-0F6D-43ED-A698-3F6D26E7E043}.Release|x86.ActiveCfg = Release|Any CPU
		{17F0EEB1-3A50-423F-8934-AAC2E8EF2542}.Debug|Any CPU.ActiveCfg = Debug|Any CPU
		{17F0EEB1-3A50-423F-8934-AAC2E8EF2542}.Debug|Any CPU.Build.0 = Debug|Any CPU
		{17F0EEB1-3A50-423F-8934-AAC2E8EF2542}.Debug|x86.ActiveCfg = Debug|Any CPU
		{17F0EEB1-3A50-423F-8934-AAC2E8EF2542}.Release|Any CPU.ActiveCfg = Release|Any CPU
		{17F0EEB1-3A50-423F-8934-AAC2E8EF2542}.Release|Any CPU.Build.0 = Release|Any CPU
		{17F0EEB1-3A50-423F-8934-AAC2E8EF2542}.Release|x86.ActiveCfg = Release|Any CPU
		{E9864F2A-F78B-4737-AB48-55AB4BD06110}.Debug|Any CPU.ActiveCfg = Debug|Any CPU
		{E9864F2A-F78B-4737-AB48-55AB4BD06110}.Debug|Any CPU.Build.0 = Debug|Any CPU
		{E9864F2A-F78B-4737-AB48-55AB4BD06110}.Debug|x86.ActiveCfg = Debug|Any CPU
		{E9864F2A-F78B-4737-AB48-55AB4BD06110}.Release|Any CPU.ActiveCfg = Release|Any CPU
		{E9864F2A-F78B-4737-AB48-55AB4BD06110}.Release|Any CPU.Build.0 = Release|Any CPU
		{E9864F2A-F78B-4737-AB48-55AB4BD06110}.Release|x86.ActiveCfg = Release|Any CPU
		{0A92C628-D5AE-4A38-941F-AFF0AF846FAC}.Debug|Any CPU.ActiveCfg = Debug|Any CPU
		{0A92C628-D5AE-4A38-941F-AFF0AF846FAC}.Debug|Any CPU.Build.0 = Debug|Any CPU
		{0A92C628-D5AE-4A38-941F-AFF0AF846FAC}.Debug|x86.ActiveCfg = Debug|x86
		{0A92C628-D5AE-4A38-941F-AFF0AF846FAC}.Debug|x86.Build.0 = Debug|x86
		{0A92C628-D5AE-4A38-941F-AFF0AF846FAC}.Release|Any CPU.ActiveCfg = Release|Any CPU
		{0A92C628-D5AE-4A38-941F-AFF0AF846FAC}.Release|Any CPU.Build.0 = Release|Any CPU
		{0A92C628-D5AE-4A38-941F-AFF0AF846FAC}.Release|x86.ActiveCfg = Release|x86
		{0A92C628-D5AE-4A38-941F-AFF0AF846FAC}.Release|x86.Build.0 = Release|x86
		{95E0D7DC-64D3-4CA5-A944-0795F2284AB2}.Debug|Any CPU.ActiveCfg = Debug|Any CPU
		{95E0D7DC-64D3-4CA5-A944-0795F2284AB2}.Debug|Any CPU.Build.0 = Debug|Any CPU
		{95E0D7DC-64D3-4CA5-A944-0795F2284AB2}.Debug|x86.ActiveCfg = Debug|Any CPU
		{95E0D7DC-64D3-4CA5-A944-0795F2284AB2}.Release|Any CPU.ActiveCfg = Release|Any CPU
		{95E0D7DC-64D3-4CA5-A944-0795F2284AB2}.Release|Any CPU.Build.0 = Release|Any CPU
		{95E0D7DC-64D3-4CA5-A944-0795F2284AB2}.Release|x86.ActiveCfg = Release|Any CPU
		{35F18489-8803-4385-98BE-D0534AF4F2FA}.Debug|Any CPU.ActiveCfg = Debug|Any CPU
		{35F18489-8803-4385-98BE-D0534AF4F2FA}.Debug|Any CPU.Build.0 = Debug|Any CPU
		{35F18489-8803-4385-98BE-D0534AF4F2FA}.Debug|x86.ActiveCfg = Debug|Any CPU
		{35F18489-8803-4385-98BE-D0534AF4F2FA}.Release|Any CPU.ActiveCfg = Release|Any CPU
		{35F18489-8803-4385-98BE-D0534AF4F2FA}.Release|Any CPU.Build.0 = Release|Any CPU
		{35F18489-8803-4385-98BE-D0534AF4F2FA}.Release|x86.ActiveCfg = Release|Any CPU
		{6D1871AA-66DE-4CB3-BFA8-B5AAEE0EA4A3}.Debug|Any CPU.ActiveCfg = Debug|Any CPU
		{6D1871AA-66DE-4CB3-BFA8-B5AAEE0EA4A3}.Debug|Any CPU.Build.0 = Debug|Any CPU
		{6D1871AA-66DE-4CB3-BFA8-B5AAEE0EA4A3}.Debug|x86.ActiveCfg = Debug|Any CPU
		{6D1871AA-66DE-4CB3-BFA8-B5AAEE0EA4A3}.Release|Any CPU.ActiveCfg = Release|Any CPU
		{6D1871AA-66DE-4CB3-BFA8-B5AAEE0EA4A3}.Release|Any CPU.Build.0 = Release|Any CPU
		{6D1871AA-66DE-4CB3-BFA8-B5AAEE0EA4A3}.Release|x86.ActiveCfg = Release|Any CPU
		{CD54D84F-2FE5-4BE1-AB98-7406E7AF6DC3}.Debug|Any CPU.ActiveCfg = Debug|Any CPU
		{CD54D84F-2FE5-4BE1-AB98-7406E7AF6DC3}.Debug|Any CPU.Build.0 = Debug|Any CPU
		{CD54D84F-2FE5-4BE1-AB98-7406E7AF6DC3}.Debug|x86.ActiveCfg = Debug|Any CPU
		{CD54D84F-2FE5-4BE1-AB98-7406E7AF6DC3}.Release|Any CPU.ActiveCfg = Debug|Any CPU
		{CD54D84F-2FE5-4BE1-AB98-7406E7AF6DC3}.Release|Any CPU.Build.0 = Debug|Any CPU
		{CD54D84F-2FE5-4BE1-AB98-7406E7AF6DC3}.Release|x86.ActiveCfg = Debug|Any CPU
		{EDA75649-AE2F-41D1-B0FA-9E3B197DD6E3}.Debug|Any CPU.ActiveCfg = Debug|Any CPU
		{EDA75649-AE2F-41D1-B0FA-9E3B197DD6E3}.Debug|Any CPU.Build.0 = Debug|Any CPU
		{EDA75649-AE2F-41D1-B0FA-9E3B197DD6E3}.Debug|x86.ActiveCfg = Debug|x86
		{EDA75649-AE2F-41D1-B0FA-9E3B197DD6E3}.Debug|x86.Build.0 = Debug|x86
		{EDA75649-AE2F-41D1-B0FA-9E3B197DD6E3}.Release|Any CPU.ActiveCfg = Release|Any CPU
		{EDA75649-AE2F-41D1-B0FA-9E3B197DD6E3}.Release|Any CPU.Build.0 = Release|Any CPU
		{EDA75649-AE2F-41D1-B0FA-9E3B197DD6E3}.Release|x86.ActiveCfg = Release|x86
		{EDA75649-AE2F-41D1-B0FA-9E3B197DD6E3}.Release|x86.Build.0 = Release|x86
		{1862F246-423D-4829-B854-730596E19684}.Debug|Any CPU.ActiveCfg = Debug|Any CPU
		{1862F246-423D-4829-B854-730596E19684}.Debug|Any CPU.Build.0 = Debug|Any CPU
		{1862F246-423D-4829-B854-730596E19684}.Debug|x86.ActiveCfg = Debug|x86
		{1862F246-423D-4829-B854-730596E19684}.Debug|x86.Build.0 = Debug|x86
		{1862F246-423D-4829-B854-730596E19684}.Release|Any CPU.ActiveCfg = Release|Any CPU
		{1862F246-423D-4829-B854-730596E19684}.Release|Any CPU.Build.0 = Release|Any CPU
		{1862F246-423D-4829-B854-730596E19684}.Release|x86.ActiveCfg = Release|x86
		{1862F246-423D-4829-B854-730596E19684}.Release|x86.Build.0 = Release|x86
	EndGlobalSection
	GlobalSection(SolutionProperties) = preSolution
		HideSolutionNode = FALSE
	EndGlobalSection
EndGlobal
