
Microsoft Visual Studio Solution File, Format Version 10.00
# Visual Studio 2008
Project("{FAE04EC0-301F-11D3-BF4B-00C04F79EFBC}") = "SMS.Z99", "SMS.Z99\SMS.Z99.csproj", "{0D20C91E-35AD-4D84-BC8D-25BF3D3C1448}"
EndProject
Project("{FAE04EC0-301F-11D3-BF4B-00C04F79EFBC}") = "Commons", "..\..\Common\Commons\Commons\Commons.csproj", "{7CF83010-9C8F-482B-B0C0-CA10DA669345}"
EndProject
Project("{FAE04EC0-301F-11D3-BF4B-00C04F79EFBC}") = "WsConnection", "..\..\Common\WsConnection\WsConnection\WsConnection.csproj", "{95E0D7DC-64D3-4CA5-A944-0795F2284AB2}"
EndProject
Project("{FAE04EC0-301F-11D3-BF4B-00C04F79EFBC}") = "SystemBase", "..\SystemBase\SystemBase\SystemBase.csproj", "{17F0EEB1-3A50-423F-8934-AAC2E8EF2542}"
EndProject
Global
	GlobalSection(SubversionScc) = preSolution
		Svn-Managed = True
		Manager = AnkhSVN - Subversion Support for Visual Studio
	EndGlobalSection
	GlobalSection(SolutionConfigurationPlatforms) = preSolution
		Debug|Any CPU = Debug|Any CPU
		Debug|x86 = Debug|x86
		Release|Any CPU = Release|Any CPU
		Release|x86 = Release|x86
	EndGlobalSection
	GlobalSection(ProjectConfigurationPlatforms) = postSolution
		{0D20C91E-35AD-4D84-BC8D-25BF3D3C1448}.Debug|Any CPU.ActiveCfg = Debug|Any CPU
		{0D20C91E-35AD-4D84-BC8D-25BF3D3C1448}.Debug|Any CPU.Build.0 = Debug|Any CPU
		{0D20C91E-35AD-4D84-BC8D-25BF3D3C1448}.Debug|x86.ActiveCfg = Debug|x86
		{0D20C91E-35AD-4D84-BC8D-25BF3D3C1448}.Debug|x86.Build.0 = Debug|x86
		{0D20C91E-35AD-4D84-BC8D-25BF3D3C1448}.Release|Any CPU.ActiveCfg = Release|Any CPU
		{0D20C91E-35AD-4D84-BC8D-25BF3D3C1448}.Release|Any CPU.Build.0 = Release|Any CPU
		{0D20C91E-35AD-4D84-BC8D-25BF3D3C1448}.Release|x86.ActiveCfg = Release|x86
		{0D20C91E-35AD-4D84-BC8D-25BF3D3C1448}.Release|x86.Build.0 = Release|x86
		{7CF83010-9C8F-482B-B0C0-CA10DA669345}.Debug|Any CPU.ActiveCfg = Debug|Any CPU
		{7CF83010-9C8F-482B-B0C0-CA10DA669345}.Debug|Any CPU.Build.0 = Debug|Any CPU
		{7CF83010-9C8F-482B-B0C0-CA10DA669345}.Debug|x86.ActiveCfg = Debug|Any CPU
		{7CF83010-9C8F-482B-B0C0-CA10DA669345}.Debug|x86.Build.0 = Debug|Any CPU
		{7CF83010-9C8F-482B-B0C0-CA10DA669345}.Release|Any CPU.ActiveCfg = Release|Any CPU
		{7CF83010-9C8F-482B-B0C0-CA10DA669345}.Release|Any CPU.Build.0 = Release|Any CPU
		{7CF83010-9C8F-482B-B0C0-CA10DA669345}.Release|x86.ActiveCfg = Release|Any CPU
		{7CF83010-9C8F-482B-B0C0-CA10DA669345}.Release|x86.Build.0 = Release|Any CPU
		{95E0D7DC-64D3-4CA5-A944-0795F2284AB2}.Debug|Any CPU.ActiveCfg = Debug|Any CPU
		{95E0D7DC-64D3-4CA5-A944-0795F2284AB2}.Debug|Any CPU.Build.0 = Debug|Any CPU
		{95E0D7DC-64D3-4CA5-A944-0795F2284AB2}.Debug|x86.ActiveCfg = Debug|Any CPU
		{95E0D7DC-64D3-4CA5-A944-0795F2284AB2}.Debug|x86.Build.0 = Debug|Any CPU
		{95E0D7DC-64D3-4CA5-A944-0795F2284AB2}.Release|Any CPU.ActiveCfg = Release|Any CPU
		{95E0D7DC-64D3-4CA5-A944-0795F2284AB2}.Release|Any CPU.Build.0 = Release|Any CPU
		{95E0D7DC-64D3-4CA5-A944-0795F2284AB2}.Release|x86.ActiveCfg = Release|Any CPU
		{95E0D7DC-64D3-4CA5-A944-0795F2284AB2}.Release|x86.Build.0 = Release|Any CPU
		{17F0EEB1-3A50-423F-8934-AAC2E8EF2542}.Debug|Any CPU.ActiveCfg = Debug|Any CPU
		{17F0EEB1-3A50-423F-8934-AAC2E8EF2542}.Debug|Any CPU.Build.0 = Debug|Any CPU
		{17F0EEB1-3A50-423F-8934-AAC2E8EF2542}.Debug|x86.ActiveCfg = Debug|Any CPU
		{17F0EEB1-3A50-423F-8934-AAC2E8EF2542}.Debug|x86.Build.0 = Debug|Any CPU
		{17F0EEB1-3A50-423F-8934-AAC2E8EF2542}.Release|Any CPU.ActiveCfg = Release|Any CPU
		{17F0EEB1-3A50-423F-8934-AAC2E8EF2542}.Release|Any CPU.Build.0 = Release|Any CPU
		{17F0EEB1-3A50-423F-8934-AAC2E8EF2542}.Release|x86.ActiveCfg = Release|Any CPU
		{17F0EEB1-3A50-423F-8934-AAC2E8EF2542}.Release|x86.Build.0 = Release|Any CPU
	EndGlobalSection
	GlobalSection(SolutionProperties) = preSolution
		HideSolutionNode = FALSE
	EndGlobalSection
EndGlobal
